// !$*UTF8*$!
{
	archiveVersion = 1;
	classes = {
	};
	objectVersion = 56;
	objects = {

/* Begin PBXBuildFile section */
		8D737F302B3E1C4100E7A3B1 /* FITrackApp.swift in Sources */ = {isa = PBXBuildFile; fileRef = 8D737F2F2B3E1C4100E7A3B1 /* FITrackApp.swift */; };
		8D737F322B3E1C4100E7A3B1 /* ContentView.swift in Sources */ = {isa = PBXBuildFile; fileRef = 8D737F312B3E1C4100E7A3B1 /* ContentView.swift */; };
		8D737F342B3E1C4200E7A3B1 /* Assets.xcassets in Resources */ = {isa = PBXBuildFile; fileRef = 8D737F332B3E1C4200E7A3B1 /* Assets.xcassets */; };
		8D737F372B3E1C4200E7A3B1 /* Preview Assets.xcassets in Resources */ = {isa = PBXBuildFile; fileRef = 8D737F362B3E1C4200E7A3B1 /* Preview Assets.xcassets */; };
		8D737F392B3E1C4200E7A3B1 /* Persistence.swift in Sources */ = {isa = PBXBuildFile; fileRef = 8D737F382B3E1C4200E7A3B1 /* Persistence.swift */; };
		8D737F3C2B3E1C4200E7A3B1 /* FITrack.xcdatamodeld in Sources */ = {isa = PBXBuildFile; fileRef = 8D737F3A2B3E1C4200E7A3B1 /* FITrack.xcdatamodeld */; };
		8D737F482B3E1C4200E7A3B1 /* FITrackTests.swift in Sources */ = {isa = PBXBuildFile; fileRef = 8D737F472B3E1C4200E7A3B1 /* FITrackTests.swift */; };
		8D737F522B3E1C4200E7A3B1 /* FITrackUITests.swift in Sources */ = {isa = PBXBuildFile; fileRef = 8D737F512B3E1C4200E7A3B1 /* FITrackUITests.swift */; };
		8D737F542B3E1C4200E7A3B1 /* FITrackUITestsLaunchTests.swift in Sources */ = {isa = PBXBuildFile; fileRef = 8D737F532B3E1C4200E7A3B1 /* FITrackUITestsLaunchTests.swift */; };
		8D737F612B3E1F1300E7A3B1 /* HomeView.swift in Sources */ = {isa = PBXBuildFile; fileRef = 8D737F602B3E1F1300E7A3B1 /* HomeView.swift */; };
		8D737F642B3E23CA00E7A3B1 /* Outfit.ttf in Resources */ = {isa = PBXBuildFile; fileRef = 8D737F632B3E23CA00E7A3B1 /* Outfit.ttf */; };
		8D737F662B3E285C00E7A3B1 /* FontModifier.swift in Sources */ = {isa = PBXBuildFile; fileRef = 8D737F652B3E285C00E7A3B1 /* FontModifier.swift */; };
		8D737F682B3E3ED900E7A3B1 /* FoodTrackView.swift in Sources */ = {isa = PBXBuildFile; fileRef = 8D737F672B3E3ED900E7A3B1 /* FoodTrackView.swift */; };
/* End PBXBuildFile section */

/* Begin PBXContainerItemProxy section */
		8D737F442B3E1C4200E7A3B1 /* PBXContainerItemProxy */ = {
			isa = PBXContainerItemProxy;
			containerPortal = 8D737F242B3E1C4100E7A3B1 /* Project object */;
			proxyType = 1;
			remoteGlobalIDString = 8D737F2B2B3E1C4100E7A3B1;
			remoteInfo = FITrack;
		};
		8D737F4E2B3E1C4200E7A3B1 /* PBXContainerItemProxy */ = {
			isa = PBXContainerItemProxy;
			containerPortal = 8D737F242B3E1C4100E7A3B1 /* Project object */;
			proxyType = 1;
			remoteGlobalIDString = 8D737F2B2B3E1C4100E7A3B1;
			remoteInfo = FITrack;
		};
/* End PBXContainerItemProxy section */

/* Begin PBXFileReference section */
		8D737F2C2B3E1C4100E7A3B1 /* FITrack.app */ = {isa = PBXFileReference; explicitFileType = wrapper.application; includeInIndex = 0; path = FITrack.app; sourceTree = BUILT_PRODUCTS_DIR; };
		8D737F2F2B3E1C4100E7A3B1 /* FITrackApp.swift */ = {isa = PBXFileReference; lastKnownFileType = sourcecode.swift; path = FITrackApp.swift; sourceTree = "<group>"; };
		8D737F312B3E1C4100E7A3B1 /* ContentView.swift */ = {isa = PBXFileReference; lastKnownFileType = sourcecode.swift; path = ContentView.swift; sourceTree = "<group>"; };
		8D737F332B3E1C4200E7A3B1 /* Assets.xcassets */ = {isa = PBXFileReference; lastKnownFileType = folder.assetcatalog; path = Assets.xcassets; sourceTree = "<group>"; };
		8D737F362B3E1C4200E7A3B1 /* Preview Assets.xcassets */ = {isa = PBXFileReference; lastKnownFileType = folder.assetcatalog; path = "Preview Assets.xcassets"; sourceTree = "<group>"; };
		8D737F382B3E1C4200E7A3B1 /* Persistence.swift */ = {isa = PBXFileReference; lastKnownFileType = sourcecode.swift; path = Persistence.swift; sourceTree = "<group>"; };
		8D737F3B2B3E1C4200E7A3B1 /* FITrack.xcdatamodel */ = {isa = PBXFileReference; lastKnownFileType = wrapper.xcdatamodel; path = FITrack.xcdatamodel; sourceTree = "<group>"; };
		8D737F3D2B3E1C4200E7A3B1 /* FITrack.entitlements */ = {isa = PBXFileReference; lastKnownFileType = text.plist.entitlements; path = FITrack.entitlements; sourceTree = "<group>"; };
		8D737F3E2B3E1C4200E7A3B1 /* Info.plist */ = {isa = PBXFileReference; lastKnownFileType = text.plist.xml; path = Info.plist; sourceTree = "<group>"; };
		8D737F432B3E1C4200E7A3B1 /* FITrackTests.xctest */ = {isa = PBXFileReference; explicitFileType = wrapper.cfbundle; includeInIndex = 0; path = FITrackTests.xctest; sourceTree = BUILT_PRODUCTS_DIR; };
		8D737F472B3E1C4200E7A3B1 /* FITrackTests.swift */ = {isa = PBXFileReference; lastKnownFileType = sourcecode.swift; path = FITrackTests.swift; sourceTree = "<group>"; };
		8D737F4D2B3E1C4200E7A3B1 /* FITrackUITests.xctest */ = {isa = PBXFileReference; explicitFileType = wrapper.cfbundle; includeInIndex = 0; path = FITrackUITests.xctest; sourceTree = BUILT_PRODUCTS_DIR; };
		8D737F512B3E1C4200E7A3B1 /* FITrackUITests.swift */ = {isa = PBXFileReference; lastKnownFileType = sourcecode.swift; path = FITrackUITests.swift; sourceTree = "<group>"; };
		8D737F532B3E1C4200E7A3B1 /* FITrackUITestsLaunchTests.swift */ = {isa = PBXFileReference; lastKnownFileType = sourcecode.swift; path = FITrackUITestsLaunchTests.swift; sourceTree = "<group>"; };
		8D737F602B3E1F1300E7A3B1 /* HomeView.swift */ = {isa = PBXFileReference; lastKnownFileType = sourcecode.swift; path = HomeView.swift; sourceTree = "<group>"; };
		8D737F632B3E23CA00E7A3B1 /* Outfit.ttf */ = {isa = PBXFileReference; lastKnownFileType = file; path = Outfit.ttf; sourceTree = "<group>"; };
		8D737F652B3E285C00E7A3B1 /* FontModifier.swift */ = {isa = PBXFileReference; lastKnownFileType = sourcecode.swift; path = FontModifier.swift; sourceTree = "<group>"; };
		8D737F672B3E3ED900E7A3B1 /* FoodTrackView.swift */ = {isa = PBXFileReference; lastKnownFileType = sourcecode.swift; path = FoodTrackView.swift; sourceTree = "<group>"; };
/* End PBXFileReference section */

/* Begin PBXFrameworksBuildPhase section */
		8D737F292B3E1C4100E7A3B1 /* Frameworks */ = {
			isa = PBXFrameworksBuildPhase;
			buildActionMask = 2147483647;
			files = (
			);
			runOnlyForDeploymentPostprocessing = 0;
		};
		8D737F402B3E1C4200E7A3B1 /* Frameworks */ = {
			isa = PBXFrameworksBuildPhase;
			buildActionMask = 2147483647;
			files = (
			);
			runOnlyForDeploymentPostprocessing = 0;
		};
		8D737F4A2B3E1C4200E7A3B1 /* Frameworks */ = {
			isa = PBXFrameworksBuildPhase;
			buildActionMask = 2147483647;
			files = (
			);
			runOnlyForDeploymentPostprocessing = 0;
		};
/* End PBXFrameworksBuildPhase section */

/* Begin PBXGroup section */
		8D737F232B3E1C4100E7A3B1 = {
			isa = PBXGroup;
			children = (
				8D737F2E2B3E1C4100E7A3B1 /* FITrack */,
				8D737F462B3E1C4200E7A3B1 /* FITrackTests */,
				8D737F502B3E1C4200E7A3B1 /* FITrackUITests */,
				8D737F2D2B3E1C4100E7A3B1 /* Products */,
			);
			sourceTree = "<group>";
		};
		8D737F2D2B3E1C4100E7A3B1 /* Products */ = {
			isa = PBXGroup;
			children = (
				8D737F2C2B3E1C4100E7A3B1 /* FITrack.app */,
				8D737F432B3E1C4200E7A3B1 /* FITrackTests.xctest */,
				8D737F4D2B3E1C4200E7A3B1 /* FITrackUITests.xctest */,
			);
			name = Products;
			sourceTree = "<group>";
		};
		8D737F2E2B3E1C4100E7A3B1 /* FITrack */ = {
			isa = PBXGroup;
			children = (
				8D737F622B3E21E400E7A3B1 /* shared */,
				8D737F2F2B3E1C4100E7A3B1 /* FITrackApp.swift */,
				8D737F312B3E1C4100E7A3B1 /* ContentView.swift */,
				8D737F602B3E1F1300E7A3B1 /* HomeView.swift */,
				8D737F672B3E3ED900E7A3B1 /* FoodTrackView.swift */,
				8D737F332B3E1C4200E7A3B1 /* Assets.xcassets */,
				8D737F382B3E1C4200E7A3B1 /* Persistence.swift */,
				8D737F3D2B3E1C4200E7A3B1 /* FITrack.entitlements */,
				8D737F3E2B3E1C4200E7A3B1 /* Info.plist */,
				8D737F3A2B3E1C4200E7A3B1 /* FITrack.xcdatamodeld */,
				8D737F352B3E1C4200E7A3B1 /* Preview Content */,
			);
			path = FITrack;
			sourceTree = "<group>";
		};
		8D737F352B3E1C4200E7A3B1 /* Preview Content */ = {
			isa = PBXGroup;
			children = (
				8D737F362B3E1C4200E7A3B1 /* Preview Assets.xcassets */,
			);
			path = "Preview Content";
			sourceTree = "<group>";
		};
		8D737F462B3E1C4200E7A3B1 /* FITrackTests */ = {
			isa = PBXGroup;
			children = (
				8D737F472B3E1C4200E7A3B1 /* FITrackTests.swift */,
			);
			path = FITrackTests;
			sourceTree = "<group>";
		};
		8D737F502B3E1C4200E7A3B1 /* FITrackUITests */ = {
			isa = PBXGroup;
			children = (
				8D737F512B3E1C4200E7A3B1 /* FITrackUITests.swift */,
				8D737F532B3E1C4200E7A3B1 /* FITrackUITestsLaunchTests.swift */,
			);
			path = FITrackUITests;
			sourceTree = "<group>";
		};
		8D737F622B3E21E400E7A3B1 /* shared */ = {
			isa = PBXGroup;
			children = (
				8D737F632B3E23CA00E7A3B1 /* Outfit.ttf */,
				8D737F652B3E285C00E7A3B1 /* FontModifier.swift */,
			);
			path = shared;
			sourceTree = "<group>";
		};
/* End PBXGroup section */

/* Begin PBXNativeTarget section */
		8D737F2B2B3E1C4100E7A3B1 /* FITrack */ = {
			isa = PBXNativeTarget;
			buildConfigurationList = 8D737F572B3E1C4200E7A3B1 /* Build configuration list for PBXNativeTarget "FITrack" */;
			buildPhases = (
				8D737F282B3E1C4100E7A3B1 /* Sources */,
				8D737F292B3E1C4100E7A3B1 /* Frameworks */,
				8D737F2A2B3E1C4100E7A3B1 /* Resources */,
			);
			buildRules = (
			);
			dependencies = (
			);
			name = FITrack;
			productName = FITrack;
			productReference = 8D737F2C2B3E1C4100E7A3B1 /* FITrack.app */;
			productType = "com.apple.product-type.application";
		};
		8D737F422B3E1C4200E7A3B1 /* FITrackTests */ = {
			isa = PBXNativeTarget;
			buildConfigurationList = 8D737F5A2B3E1C4200E7A3B1 /* Build configuration list for PBXNativeTarget "FITrackTests" */;
			buildPhases = (
				8D737F3F2B3E1C4200E7A3B1 /* Sources */,
				8D737F402B3E1C4200E7A3B1 /* Frameworks */,
				8D737F412B3E1C4200E7A3B1 /* Resources */,
			);
			buildRules = (
			);
			dependencies = (
				8D737F452B3E1C4200E7A3B1 /* PBXTargetDependency */,
			);
			name = FITrackTests;
			productName = FITrackTests;
			productReference = 8D737F432B3E1C4200E7A3B1 /* FITrackTests.xctest */;
			productType = "com.apple.product-type.bundle.unit-test";
		};
		8D737F4C2B3E1C4200E7A3B1 /* FITrackUITests */ = {
			isa = PBXNativeTarget;
			buildConfigurationList = 8D737F5D2B3E1C4200E7A3B1 /* Build configuration list for PBXNativeTarget "FITrackUITests" */;
			buildPhases = (
				8D737F492B3E1C4200E7A3B1 /* Sources */,
				8D737F4A2B3E1C4200E7A3B1 /* Frameworks */,
				8D737F4B2B3E1C4200E7A3B1 /* Resources */,
			);
			buildRules = (
			);
			dependencies = (
				8D737F4F2B3E1C4200E7A3B1 /* PBXTargetDependency */,
			);
			name = FITrackUITests;
			productName = FITrackUITests;
			productReference = 8D737F4D2B3E1C4200E7A3B1 /* FITrackUITests.xctest */;
			productType = "com.apple.product-type.bundle.ui-testing";
		};
/* End PBXNativeTarget section */

/* Begin PBXProject section */
		8D737F242B3E1C4100E7A3B1 /* Project object */ = {
			isa = PBXProject;
			attributes = {
				BuildIndependentTargetsInParallel = 1;
				LastSwiftUpdateCheck = 1510;
				LastUpgradeCheck = 1510;
				TargetAttributes = {
					8D737F2B2B3E1C4100E7A3B1 = {
						CreatedOnToolsVersion = 15.1;
					};
					8D737F422B3E1C4200E7A3B1 = {
						CreatedOnToolsVersion = 15.1;
						TestTargetID = 8D737F2B2B3E1C4100E7A3B1;
					};
					8D737F4C2B3E1C4200E7A3B1 = {
						CreatedOnToolsVersion = 15.1;
						TestTargetID = 8D737F2B2B3E1C4100E7A3B1;
					};
				};
			};
			buildConfigurationList = 8D737F272B3E1C4100E7A3B1 /* Build configuration list for PBXProject "FITrack" */;
			compatibilityVersion = "Xcode 14.0";
			developmentRegion = en;
			hasScannedForEncodings = 0;
			knownRegions = (
				en,
				Base,
			);
			mainGroup = 8D737F232B3E1C4100E7A3B1;
			productRefGroup = 8D737F2D2B3E1C4100E7A3B1 /* Products */;
			projectDirPath = "";
			projectRoot = "";
			targets = (
				8D737F2B2B3E1C4100E7A3B1 /* FITrack */,
				8D737F422B3E1C4200E7A3B1 /* FITrackTests */,
				8D737F4C2B3E1C4200E7A3B1 /* FITrackUITests */,
			);
		};
/* End PBXProject section */

/* Begin PBXResourcesBuildPhase section */
		8D737F2A2B3E1C4100E7A3B1 /* Resources */ = {
			isa = PBXResourcesBuildPhase;
			buildActionMask = 2147483647;
			files = (
				8D737F642B3E23CA00E7A3B1 /* Outfit.ttf in Resources */,
				8D737F372B3E1C4200E7A3B1 /* Preview Assets.xcassets in Resources */,
				8D737F342B3E1C4200E7A3B1 /* Assets.xcassets in Resources */,
			);
			runOnlyForDeploymentPostprocessing = 0;
		};
		8D737F412B3E1C4200E7A3B1 /* Resources */ = {
			isa = PBXResourcesBuildPhase;
			buildActionMask = 2147483647;
			files = (
			);
			runOnlyForDeploymentPostprocessing = 0;
		};
		8D737F4B2B3E1C4200E7A3B1 /* Resources */ = {
			isa = PBXResourcesBuildPhase;
			buildActionMask = 2147483647;
			files = (
			);
			runOnlyForDeploymentPostprocessing = 0;
		};
/* End PBXResourcesBuildPhase section */

/* Begin PBXSourcesBuildPhase section */
		8D737F282B3E1C4100E7A3B1 /* Sources */ = {
			isa = PBXSourcesBuildPhase;
			buildActionMask = 2147483647;
			files = (
				8D737F3C2B3E1C4200E7A3B1 /* FITrack.xcdatamodeld in Sources */,
				8D737F392B3E1C4200E7A3B1 /* Persistence.swift in Sources */,
				8D737F322B3E1C4100E7A3B1 /* ContentView.swift in Sources */,
				8D737F612B3E1F1300E7A3B1 /* HomeView.swift in Sources */,
				8D737F302B3E1C4100E7A3B1 /* FITrackApp.swift in Sources */,
				8D737F662B3E285C00E7A3B1 /* FontModifier.swift in Sources */,
				8D737F682B3E3ED900E7A3B1 /* FoodTrackView.swift in Sources */,
			);
			runOnlyForDeploymentPostprocessing = 0;
		};
		8D737F3F2B3E1C4200E7A3B1 /* Sources */ = {
			isa = PBXSourcesBuildPhase;
			buildActionMask = 2147483647;
			files = (
				8D737F482B3E1C4200E7A3B1 /* FITrackTests.swift in Sources */,
			);
			runOnlyForDeploymentPostprocessing = 0;
		};
		8D737F492B3E1C4200E7A3B1 /* Sources */ = {
			isa = PBXSourcesBuildPhase;
			buildActionMask = 2147483647;
			files = (
				8D737F522B3E1C4200E7A3B1 /* FITrackUITests.swift in Sources */,
				8D737F542B3E1C4200E7A3B1 /* FITrackUITestsLaunchTests.swift in Sources */,
			);
			runOnlyForDeploymentPostprocessing = 0;
		};
/* End PBXSourcesBuildPhase section */

/* Begin PBXTargetDependency section */
		8D737F452B3E1C4200E7A3B1 /* PBXTargetDependency */ = {
			isa = PBXTargetDependency;
			target = 8D737F2B2B3E1C4100E7A3B1 /* FITrack */;
			targetProxy = 8D737F442B3E1C4200E7A3B1 /* PBXContainerItemProxy */;
		};
		8D737F4F2B3E1C4200E7A3B1 /* PBXTargetDependency */ = {
			isa = PBXTargetDependency;
			target = 8D737F2B2B3E1C4100E7A3B1 /* FITrack */;
			targetProxy = 8D737F4E2B3E1C4200E7A3B1 /* PBXContainerItemProxy */;
		};
/* End PBXTargetDependency section */

/* Begin XCBuildConfiguration section */
		8D737F552B3E1C4200E7A3B1 /* Debug */ = {
			isa = XCBuildConfiguration;
			buildSettings = {
				ALWAYS_SEARCH_USER_PATHS = NO;
				ASSETCATALOG_COMPILER_GENERATE_SWIFT_ASSET_SYMBOL_EXTENSIONS = YES;
				CLANG_ANALYZER_NONNULL = YES;
				CLANG_ANALYZER_NUMBER_OBJECT_CONVERSION = YES_AGGRESSIVE;
				CLANG_CXX_LANGUAGE_STANDARD = "gnu++20";
				CLANG_ENABLE_MODULES = YES;
				CLANG_ENABLE_OBJC_ARC = YES;
				CLANG_ENABLE_OBJC_WEAK = YES;
				CLANG_WARN_BLOCK_CAPTURE_AUTORELEASING = YES;
				CLANG_WARN_BOOL_CONVERSION = YES;
				CLANG_WARN_COMMA = YES;
				CLANG_WARN_CONSTANT_CONVERSION = YES;
				CLANG_WARN_DEPRECATED_OBJC_IMPLEMENTATIONS = YES;
				CLANG_WARN_DIRECT_OBJC_ISA_USAGE = YES_ERROR;
				CLANG_WARN_DOCUMENTATION_COMMENTS = YES;
				CLANG_WARN_EMPTY_BODY = YES;
				CLANG_WARN_ENUM_CONVERSION = YES;
				CLANG_WARN_INFINITE_RECURSION = YES;
				CLANG_WARN_INT_CONVERSION = YES;
				CLANG_WARN_NON_LITERAL_NULL_CONVERSION = YES;
				CLANG_WARN_OBJC_IMPLICIT_RETAIN_SELF = YES;
				CLANG_WARN_OBJC_LITERAL_CONVERSION = YES;
				CLANG_WARN_OBJC_ROOT_CLASS = YES_ERROR;
				CLANG_WARN_QUOTED_INCLUDE_IN_FRAMEWORK_HEADER = YES;
				CLANG_WARN_RANGE_LOOP_ANALYSIS = YES;
				CLANG_WARN_STRICT_PROTOTYPES = YES;
				CLANG_WARN_SUSPICIOUS_MOVE = YES;
				CLANG_WARN_UNGUARDED_AVAILABILITY = YES_AGGRESSIVE;
				CLANG_WARN_UNREACHABLE_CODE = YES;
				CLANG_WARN__DUPLICATE_METHOD_MATCH = YES;
				COPY_PHASE_STRIP = NO;
				DEBUG_INFORMATION_FORMAT = dwarf;
				ENABLE_STRICT_OBJC_MSGSEND = YES;
				ENABLE_TESTABILITY = YES;
				ENABLE_USER_SCRIPT_SANDBOXING = YES;
				GCC_C_LANGUAGE_STANDARD = gnu17;
				GCC_DYNAMIC_NO_PIC = NO;
				GCC_NO_COMMON_BLOCKS = YES;
				GCC_OPTIMIZATION_LEVEL = 0;
				GCC_PREPROCESSOR_DEFINITIONS = (
					"DEBUG=1",
					"$(inherited)",
				);
				GCC_WARN_64_TO_32_BIT_CONVERSION = YES;
				GCC_WARN_ABOUT_RETURN_TYPE = YES_ERROR;
				GCC_WARN_UNDECLARED_SELECTOR = YES;
				GCC_WARN_UNINITIALIZED_AUTOS = YES_AGGRESSIVE;
				GCC_WARN_UNUSED_FUNCTION = YES;
				GCC_WARN_UNUSED_VARIABLE = YES;
				IPHONEOS_DEPLOYMENT_TARGET = 17.2;
				LOCALIZATION_PREFERS_STRING_CATALOGS = YES;
				MTL_ENABLE_DEBUG_INFO = INCLUDE_SOURCE;
				MTL_FAST_MATH = YES;
				ONLY_ACTIVE_ARCH = YES;
				SDKROOT = iphoneos;
				SWIFT_ACTIVE_COMPILATION_CONDITIONS = "DEBUG $(inherited)";
				SWIFT_OPTIMIZATION_LEVEL = "-Onone";
			};
			name = Debug;
		};
		8D737F562B3E1C4200E7A3B1 /* Release */ = {
			isa = XCBuildConfiguration;
			buildSettings = {
				ALWAYS_SEARCH_USER_PATHS = NO;
				ASSETCATALOG_COMPILER_GENERATE_SWIFT_ASSET_SYMBOL_EXTENSIONS = YES;
				CLANG_ANALYZER_NONNULL = YES;
				CLANG_ANALYZER_NUMBER_OBJECT_CONVERSION = YES_AGGRESSIVE;
				CLANG_CXX_LANGUAGE_STANDARD = "gnu++20";
				CLANG_ENABLE_MODULES = YES;
				CLANG_ENABLE_OBJC_ARC = YES;
				CLANG_ENABLE_OBJC_WEAK = YES;
				CLANG_WARN_BLOCK_CAPTURE_AUTORELEASING = YES;
				CLANG_WARN_BOOL_CONVERSION = YES;
				CLANG_WARN_COMMA = YES;
				CLANG_WARN_CONSTANT_CONVERSION = YES;
				CLANG_WARN_DEPRECATED_OBJC_IMPLEMENTATIONS = YES;
				CLANG_WARN_DIRECT_OBJC_ISA_USAGE = YES_ERROR;
				CLANG_WARN_DOCUMENTATION_COMMENTS = YES;
				CLANG_WARN_EMPTY_BODY = YES;
				CLANG_WARN_ENUM_CONVERSION = YES;
				CLANG_WARN_INFINITE_RECURSION = YES;
				CLANG_WARN_INT_CONVERSION = YES;
				CLANG_WARN_NON_LITERAL_NULL_CONVERSION = YES;
				CLANG_WARN_OBJC_IMPLICIT_RETAIN_SELF = YES;
				CLANG_WARN_OBJC_LITERAL_CONVERSION = YES;
				CLANG_WARN_OBJC_ROOT_CLASS = YES_ERROR;
				CLANG_WARN_QUOTED_INCLUDE_IN_FRAMEWORK_HEADER = YES;
				CLANG_WARN_RANGE_LOOP_ANALYSIS = YES;
				CLANG_WARN_STRICT_PROTOTYPES = YES;
				CLANG_WARN_SUSPICIOUS_MOVE = YES;
				CLANG_WARN_UNGUARDED_AVAILABILITY = YES_AGGRESSIVE;
				CLANG_WARN_UNREACHABLE_CODE = YES;
				CLANG_WARN__DUPLICATE_METHOD_MATCH = YES;
				COPY_PHASE_STRIP = NO;
				DEBUG_INFORMATION_FORMAT = "dwarf-with-dsym";
				ENABLE_NS_ASSERTIONS = NO;
				ENABLE_STRICT_OBJC_MSGSEND = YES;
				ENABLE_USER_SCRIPT_SANDBOXING = YES;
				GCC_C_LANGUAGE_STANDARD = gnu17;
				GCC_NO_COMMON_BLOCKS = YES;
				GCC_WARN_64_TO_32_BIT_CONVERSION = YES;
				GCC_WARN_ABOUT_RETURN_TYPE = YES_ERROR;
				GCC_WARN_UNDECLARED_SELECTOR = YES;
				GCC_WARN_UNINITIALIZED_AUTOS = YES_AGGRESSIVE;
				GCC_WARN_UNUSED_FUNCTION = YES;
				GCC_WARN_UNUSED_VARIABLE = YES;
				IPHONEOS_DEPLOYMENT_TARGET = 17.2;
				LOCALIZATION_PREFERS_STRING_CATALOGS = YES;
				MTL_ENABLE_DEBUG_INFO = NO;
				MTL_FAST_MATH = YES;
				SDKROOT = iphoneos;
				SWIFT_COMPILATION_MODE = wholemodule;
				VALIDATE_PRODUCT = YES;
			};
			name = Release;
		};
		8D737F582B3E1C4200E7A3B1 /* Debug */ = {
			isa = XCBuildConfiguration;
			buildSettings = {
				ASSETCATALOG_COMPILER_APPICON_NAME = AppIcon;
				ASSETCATALOG_COMPILER_GLOBAL_ACCENT_COLOR_NAME = AccentColor;
				CODE_SIGN_ENTITLEMENTS = FITrack/FITrack.entitlements;
				CODE_SIGN_STYLE = Automatic;
				CURRENT_PROJECT_VERSION = 1;
				DEVELOPMENT_ASSET_PATHS = "\"FITrack/Preview Content\"";
				DEVELOPMENT_TEAM = VVBZ3B874L;
				ENABLE_PREVIEWS = YES;
				GENERATE_INFOPLIST_FILE = YES;
				INFOPLIST_FILE = FITrack/Info.plist;
				INFOPLIST_KEY_UIApplicationSceneManifest_Generation = YES;
				INFOPLIST_KEY_UIApplicationSupportsIndirectInputEvents = YES;
				INFOPLIST_KEY_UILaunchScreen_Generation = YES;
				INFOPLIST_KEY_UISupportedInterfaceOrientations_iPad = "UIInterfaceOrientationPortrait UIInterfaceOrientationPortraitUpsideDown UIInterfaceOrientationLandscapeLeft UIInterfaceOrientationLandscapeRight";
				INFOPLIST_KEY_UISupportedInterfaceOrientations_iPhone = "UIInterfaceOrientationPortrait UIInterfaceOrientationLandscapeLeft UIInterfaceOrientationLandscapeRight";
				LD_RUNPATH_SEARCH_PATHS = (
					"$(inherited)",
					"@executable_path/Frameworks",
				);
				MARKETING_VERSION = 1.0;
				PRODUCT_BUNDLE_IDENTIFIER = com.ddhr4m.dharma.FITrack;
				PRODUCT_NAME = "$(TARGET_NAME)";
				SWIFT_EMIT_LOC_STRINGS = YES;
				SWIFT_VERSION = 5.0;
				TARGETED_DEVICE_FAMILY = "1,2";
			};
			name = Debug;
		};
		8D737F592B3E1C4200E7A3B1 /* Release */ = {
			isa = XCBuildConfiguration;
			buildSettings = {
				ASSETCATALOG_COMPILER_APPICON_NAME = AppIcon;
				ASSETCATALOG_COMPILER_GLOBAL_ACCENT_COLOR_NAME = AccentColor;
				CODE_SIGN_ENTITLEMENTS = FITrack/FITrack.entitlements;
				CODE_SIGN_STYLE = Automatic;
				CURRENT_PROJECT_VERSION = 1;
				DEVELOPMENT_ASSET_PATHS = "\"FITrack/Preview Content\"";
				DEVELOPMENT_TEAM = VVBZ3B874L;
				ENABLE_PREVIEWS = YES;
				GENERATE_INFOPLIST_FILE = YES;
				INFOPLIST_FILE = FITrack/Info.plist;
				INFOPLIST_KEY_UIApplicationSceneManifest_Generation = YES;
				INFOPLIST_KEY_UIApplicationSupportsIndirectInputEvents = YES;
				INFOPLIST_KEY_UILaunchScreen_Generation = YES;
				INFOPLIST_KEY_UISupportedInterfaceOrientations_iPad = "UIInterfaceOrientationPortrait UIInterfaceOrientationPortraitUpsideDown UIInterfaceOrientationLandscapeLeft UIInterfaceOrientationLandscapeRight";
				INFOPLIST_KEY_UISupportedInterfaceOrientations_iPhone = "UIInterfaceOrientationPortrait UIInterfaceOrientationLandscapeLeft UIInterfaceOrientationLandscapeRight";
				LD_RUNPATH_SEARCH_PATHS = (
					"$(inherited)",
					"@executable_path/Frameworks",
				);
				MARKETING_VERSION = 1.0;
				PRODUCT_BUNDLE_IDENTIFIER = com.ddhr4m.dharma.FITrack;
				PRODUCT_NAME = "$(TARGET_NAME)";
				SWIFT_EMIT_LOC_STRINGS = YES;
				SWIFT_VERSION = 5.0;
				TARGETED_DEVICE_FAMILY = "1,2";
			};
			name = Release;
		};
		8D737F5B2B3E1C4200E7A3B1 /* Debug */ = {
			isa = XCBuildConfiguration;
			buildSettings = {
				ALWAYS_EMBED_SWIFT_STANDARD_LIBRARIES = YES;
				BUNDLE_LOADER = "$(TEST_HOST)";
				CODE_SIGN_STYLE = Automatic;
				CURRENT_PROJECT_VERSION = 1;
				DEVELOPMENT_TEAM = VVBZ3B874L;
				GENERATE_INFOPLIST_FILE = YES;
				IPHONEOS_DEPLOYMENT_TARGET = 17.2;
				MARKETING_VERSION = 1.0;
				PRODUCT_BUNDLE_IDENTIFIER = com.ddhr4m.dharma.FITrackTests;
				PRODUCT_NAME = "$(TARGET_NAME)";
				SWIFT_EMIT_LOC_STRINGS = NO;
				SWIFT_VERSION = 5.0;
				TARGETED_DEVICE_FAMILY = "1,2";
				TEST_HOST = "$(BUILT_PRODUCTS_DIR)/FITrack.app/$(BUNDLE_EXECUTABLE_FOLDER_PATH)/FITrack";
			};
			name = Debug;
		};
		8D737F5C2B3E1C4200E7A3B1 /* Release */ = {
			isa = XCBuildConfiguration;
			buildSettings = {
				ALWAYS_EMBED_SWIFT_STANDARD_LIBRARIES = YES;
				BUNDLE_LOADER = "$(TEST_HOST)";
				CODE_SIGN_STYLE = Automatic;
				CURRENT_PROJECT_VERSION = 1;
				DEVELOPMENT_TEAM = VVBZ3B874L;
				GENERATE_INFOPLIST_FILE = YES;
				IPHONEOS_DEPLOYMENT_TARGET = 17.2;
				MARKETING_VERSION = 1.0;
				PRODUCT_BUNDLE_IDENTIFIER = com.ddhr4m.dharma.FITrackTests;
				PRODUCT_NAME = "$(TARGET_NAME)";
				SWIFT_EMIT_LOC_STRINGS = NO;
				SWIFT_VERSION = 5.0;
				TARGETED_DEVICE_FAMILY = "1,2";
				TEST_HOST = "$(BUILT_PRODUCTS_DIR)/FITrack.app/$(BUNDLE_EXECUTABLE_FOLDER_PATH)/FITrack";
			};
			name = Release;
		};
		8D737F5E2B3E1C4200E7A3B1 /* Debug */ = {
			isa = XCBuildConfiguration;
			buildSettings = {
				ALWAYS_EMBED_SWIFT_STANDARD_LIBRARIES = YES;
				CODE_SIGN_STYLE = Automatic;
				CURRENT_PROJECT_VERSION = 1;
				DEVELOPMENT_TEAM = VVBZ3B874L;
				GENERATE_INFOPLIST_FILE = YES;
				MARKETING_VERSION = 1.0;
				PRODUCT_BUNDLE_IDENTIFIER = com.ddhr4m.dharma.FITrackUITests;
				PRODUCT_NAME = "$(TARGET_NAME)";
				SWIFT_EMIT_LOC_STRINGS = NO;
				SWIFT_VERSION = 5.0;
				TARGETED_DEVICE_FAMILY = "1,2";
				TEST_TARGET_NAME = FITrack;
			};
			name = Debug;
		};
		8D737F5F2B3E1C4200E7A3B1 /* Release */ = {
			isa = XCBuildConfiguration;
			buildSettings = {
				ALWAYS_EMBED_SWIFT_STANDARD_LIBRARIES = YES;
				CODE_SIGN_STYLE = Automatic;
				CURRENT_PROJECT_VERSION = 1;
				DEVELOPMENT_TEAM = VVBZ3B874L;
				GENERATE_INFOPLIST_FILE = YES;
				MARKETING_VERSION = 1.0;
				PRODUCT_BUNDLE_IDENTIFIER = com.ddhr4m.dharma.FITrackUITests;
				PRODUCT_NAME = "$(TARGET_NAME)";
				SWIFT_EMIT_LOC_STRINGS = NO;
				SWIFT_VERSION = 5.0;
				TARGETED_DEVICE_FAMILY = "1,2";
				TEST_TARGET_NAME = FITrack;
			};
			name = Release;
		};
/* End XCBuildConfiguration section */

/* Begin XCConfigurationList section */
		8D737F272B3E1C4100E7A3B1 /* Build configuration list for PBXProject "FITrack" */ = {
			isa = XCConfigurationList;
			buildConfigurations = (
				8D737F552B3E1C4200E7A3B1 /* Debug */,
				8D737F562B3E1C4200E7A3B1 /* Release */,
			);
			defaultConfigurationIsVisible = 0;
			defaultConfigurationName = Release;
		};
		8D737F572B3E1C4200E7A3B1 /* Build configuration list for PBXNativeTarget "FITrack" */ = {
			isa = XCConfigurationList;
			buildConfigurations = (
				8D737F582B3E1C4200E7A3B1 /* Debug */,
				8D737F592B3E1C4200E7A3B1 /* Release */,
			);
			defaultConfigurationIsVisible = 0;
			defaultConfigurationName = Release;
		};
		8D737F5A2B3E1C4200E7A3B1 /* Build configuration list for PBXNativeTarget "FITrackTests" */ = {
			isa = XCConfigurationList;
			buildConfigurations = (
				8D737F5B2B3E1C4200E7A3B1 /* Debug */,
				8D737F5C2B3E1C4200E7A3B1 /* Release */,
			);
			defaultConfigurationIsVisible = 0;
			defaultConfigurationName = Release;
		};
		8D737F5D2B3E1C4200E7A3B1 /* Build configuration list for PBXNativeTarget "FITrackUITests" */ = {
			isa = XCConfigurationList;
			buildConfigurations = (
				8D737F5E2B3E1C4200E7A3B1 /* Debug */,
				8D737F5F2B3E1C4200E7A3B1 /* Release */,
			);
			defaultConfigurationIsVisible = 0;
			defaultConfigurationName = Release;
		};
/* End XCConfigurationList section */

/* Begin XCVersionGroup section */
		8D737F3A2B3E1C4200E7A3B1 /* FITrack.xcdatamodeld */ = {
			isa = XCVersionGroup;
			children = (
				8D737F3B2B3E1C4200E7A3B1 /* FITrack.xcdatamodel */,
			);
			currentVersion = 8D737F3B2B3E1C4200E7A3B1 /* FITrack.xcdatamodel */;
			path = FITrack.xcdatamodeld;
			sourceTree = "<group>";
			versionGroupType = wrapper.xcdatamodel;
		};
/* End XCVersionGroup section */
	};
	rootObject = 8D737F242B3E1C4100E7A3B1 /* Project object */;
}
